// !$*UTF8*$!
{
	archiveVersion = 1;
	classes = {
	};
	objectVersion = 50;
	objects = {

/* Begin PBXBuildFile section */
		FE078DFB20923CA100F0AAB4 /* AppDelegate.swift in Sources */ = {isa = PBXBuildFile; fileRef = FE078DFA20923CA100F0AAB4 /* AppDelegate.swift */; };
		FE078DFD20923CA100F0AAB4 /* CameraVC.swift in Sources */ = {isa = PBXBuildFile; fileRef = FE078DFC20923CA100F0AAB4 /* CameraVC.swift */; };
		FE078E0020923CA100F0AAB4 /* Main.storyboard in Resources */ = {isa = PBXBuildFile; fileRef = FE078DFE20923CA100F0AAB4 /* Main.storyboard */; };
		FE078E0220923CA300F0AAB4 /* Assets.xcassets in Resources */ = {isa = PBXBuildFile; fileRef = FE078E0120923CA300F0AAB4 /* Assets.xcassets */; };
		FE078E0520923CA300F0AAB4 /* LaunchScreen.storyboard in Resources */ = {isa = PBXBuildFile; fileRef = FE078E0320923CA300F0AAB4 /* LaunchScreen.storyboard */; };
		FE078E102092411200F0AAB4 /* RoundedShadowView.swift in Sources */ = {isa = PBXBuildFile; fileRef = FE078E0F2092411200F0AAB4 /* RoundedShadowView.swift */; };
		FE078E122092429E00F0AAB4 /* RoundedShadowButton.swift in Sources */ = {isa = PBXBuildFile; fileRef = FE078E112092429E00F0AAB4 /* RoundedShadowButton.swift */; };
		FE078E14209242F700F0AAB4 /* RoundedShadowImageView.swift in Sources */ = {isa = PBXBuildFile; fileRef = FE078E13209242F700F0AAB4 /* RoundedShadowImageView.swift */; };
/* End PBXBuildFile section */

/* Begin PBXFileReference section */
		FE078DF720923CA100F0AAB4 /* Vision-App.app */ = {isa = PBXFileReference; explicitFileType = wrapper.application; includeInIndex = 0; path = "Vision-App.app"; sourceTree = BUILT_PRODUCTS_DIR; };
		FE078DFA20923CA100F0AAB4 /* AppDelegate.swift */ = {isa = PBXFileReference; lastKnownFileType = sourcecode.swift; path = AppDelegate.swift; sourceTree = "<group>"; };
		FE078DFC20923CA100F0AAB4 /* CameraVC.swift */ = {isa = PBXFileReference; lastKnownFileType = sourcecode.swift; path = CameraVC.swift; sourceTree = "<group>"; };
		FE078DFF20923CA100F0AAB4 /* Base */ = {isa = PBXFileReference; lastKnownFileType = file.storyboard; name = Base; path = Base.lproj/Main.storyboard; sourceTree = "<group>"; };
		FE078E0120923CA300F0AAB4 /* Assets.xcassets */ = {isa = PBXFileReference; lastKnownFileType = folder.assetcatalog; path = Assets.xcassets; sourceTree = "<group>"; };
		FE078E0420923CA300F0AAB4 /* Base */ = {isa = PBXFileReference; lastKnownFileType = file.storyboard; name = Base; path = Base.lproj/LaunchScreen.storyboard; sourceTree = "<group>"; };
		FE078E0620923CA300F0AAB4 /* Info.plist */ = {isa = PBXFileReference; lastKnownFileType = text.plist.xml; path = Info.plist; sourceTree = "<group>"; };
		FE078E0F2092411200F0AAB4 /* RoundedShadowView.swift */ = {isa = PBXFileReference; lastKnownFileType = sourcecode.swift; path = RoundedShadowView.swift; sourceTree = "<group>"; };
		FE078E112092429E00F0AAB4 /* RoundedShadowButton.swift */ = {isa = PBXFileReference; lastKnownFileType = sourcecode.swift; path = RoundedShadowButton.swift; sourceTree = "<group>"; };
		FE078E13209242F700F0AAB4 /* RoundedShadowImageView.swift */ = {isa = PBXFileReference; lastKnownFileType = sourcecode.swift; path = RoundedShadowImageView.swift; sourceTree = "<group>"; };
/* End PBXFileReference section */

/* Begin PBXFrameworksBuildPhase section */
		FE078DF420923CA100F0AAB4 /* Frameworks */ = {
			isa = PBXFrameworksBuildPhase;
			buildActionMask = 2147483647;
			files = (
			);
			runOnlyForDeploymentPostprocessing = 0;
		};
/* End PBXFrameworksBuildPhase section */

/* Begin PBXGroup section */
		FE078DEE20923CA100F0AAB4 = {
			isa = PBXGroup;
			children = (
				FE078DF920923CA100F0AAB4 /* Vision-App */,
				FE078DF820923CA100F0AAB4 /* Products */,
			);
			sourceTree = "<group>";
		};
		FE078DF820923CA100F0AAB4 /* Products */ = {
			isa = PBXGroup;
			children = (
				FE078DF720923CA100F0AAB4 /* Vision-App.app */,
			);
			name = Products;
			sourceTree = "<group>";
		};
		FE078DF920923CA100F0AAB4 /* Vision-App */ = {
			isa = PBXGroup;
			children = (
				FE078E0E20923D0A00F0AAB4 /* Resources */,
				FE078E0D20923D0300F0AAB4 /* View */,
				FE078E0C20923CF400F0AAB4 /* Controller */,
				FE078DFA20923CA100F0AAB4 /* AppDelegate.swift */,
				FE078DFE20923CA100F0AAB4 /* Main.storyboard */,
				FE078E0120923CA300F0AAB4 /* Assets.xcassets */,
				FE078E0320923CA300F0AAB4 /* LaunchScreen.storyboard */,
				FE078E0620923CA300F0AAB4 /* Info.plist */,
			);
			path = "Vision-App";
			sourceTree = "<group>";
		};
		FE078E0C20923CF400F0AAB4 /* Controller */ = {
			isa = PBXGroup;
			children = (
				FE078DFC20923CA100F0AAB4 /* CameraVC.swift */,
			);
			path = Controller;
			sourceTree = "<group>";
		};
		FE078E0D20923D0300F0AAB4 /* View */ = {
			isa = PBXGroup;
			children = (
				FE078E0F2092411200F0AAB4 /* RoundedShadowView.swift */,
				FE078E112092429E00F0AAB4 /* RoundedShadowButton.swift */,
				FE078E13209242F700F0AAB4 /* RoundedShadowImageView.swift */,
			);
			path = View;
			sourceTree = "<group>";
		};
		FE078E0E20923D0A00F0AAB4 /* Resources */ = {
			isa = PBXGroup;
			children = (
			);
			path = Resources;
			sourceTree = "<group>";
		};
/* End PBXGroup section */

/* Begin PBXNativeTarget section */
		FE078DF620923CA100F0AAB4 /* Vision-App */ = {
			isa = PBXNativeTarget;
			buildConfigurationList = FE078E0920923CA300F0AAB4 /* Build configuration list for PBXNativeTarget "Vision-App" */;
			buildPhases = (
				FE078DF320923CA100F0AAB4 /* Sources */,
				FE078DF420923CA100F0AAB4 /* Frameworks */,
				FE078DF520923CA100F0AAB4 /* Resources */,
			);
			buildRules = (
			);
			dependencies = (
			);
			name = "Vision-App";
			productName = "Vision-App";
			productReference = FE078DF720923CA100F0AAB4 /* Vision-App.app */;
			productType = "com.apple.product-type.application";
		};
/* End PBXNativeTarget section */

/* Begin PBXProject section */
		FE078DEF20923CA100F0AAB4 /* Project object */ = {
			isa = PBXProject;
			attributes = {
				LastSwiftUpdateCheck = 0930;
				LastUpgradeCheck = 0930;
				ORGANIZATIONNAME = "Johnny Perdomo";
				TargetAttributes = {
					FE078DF620923CA100F0AAB4 = {
						CreatedOnToolsVersion = 9.3;
					};
				};
			};
			buildConfigurationList = FE078DF220923CA100F0AAB4 /* Build configuration list for PBXProject "Vision-App" */;
			compatibilityVersion = "Xcode 9.3";
			developmentRegion = en;
			hasScannedForEncodings = 0;
			knownRegions = (
				en,
				Base,
			);
			mainGroup = FE078DEE20923CA100F0AAB4;
			productRefGroup = FE078DF820923CA100F0AAB4 /* Products */;
			projectDirPath = "";
			projectRoot = "";
			targets = (
				FE078DF620923CA100F0AAB4 /* Vision-App */,
			);
		};
/* End PBXProject section */

/* Begin PBXResourcesBuildPhase section */
		FE078DF520923CA100F0AAB4 /* Resources */ = {
			isa = PBXResourcesBuildPhase;
			buildActionMask = 2147483647;
			files = (
				FE078E0520923CA300F0AAB4 /* LaunchScreen.storyboard in Resources */,
				FE078E0220923CA300F0AAB4 /* Assets.xcassets in Resources */,
				FE078E0020923CA100F0AAB4 /* Main.storyboard in Resources */,
			);
			runOnlyForDeploymentPostprocessing = 0;
		};
/* End PBXResourcesBuildPhase section */

/* Begin PBXSourcesBuildPhase section */
		FE078DF320923CA100F0AAB4 /* Sources */ = {
			isa = PBXSourcesBuildPhase;
			buildActionMask = 2147483647;
			files = (
				FE078DFD20923CA100F0AAB4 /* CameraVC.swift in Sources */,
				FE078DFB20923CA100F0AAB4 /* AppDelegate.swift in Sources */,
				FE078E102092411200F0AAB4 /* RoundedShadowView.swift in Sources */,
				FE078E122092429E00F0AAB4 /* RoundedShadowButton.swift in Sources */,
				FE078E14209242F700F0AAB4 /* RoundedShadowImageView.swift in Sources */,
			);
			runOnlyForDeploymentPostprocessing = 0;
		};
/* End PBXSourcesBuildPhase section */

/* Begin PBXVariantGroup section */
		FE078DFE20923CA100F0AAB4 /* Main.storyboard */ = {
			isa = PBXVariantGroup;
			children = (
				FE078DFF20923CA100F0AAB4 /* Base */,
			);
			name = Main.storyboard;
			sourceTree = "<group>";
		};
		FE078E0320923CA300F0AAB4 /* LaunchScreen.storyboard */ = {
			isa = PBXVariantGroup;
			children = (
				FE078E0420923CA300F0AAB4 /* Base */,
			);
			name = LaunchScreen.storyboard;
			sourceTree = "<group>";
		};
/* End PBXVariantGroup section */

/* Begin XCBuildConfiguration section */
		FE078E0720923CA300F0AAB4 /* Debug */ = {
			isa = XCBuildConfiguration;
			buildSettings = {
				ALWAYS_SEARCH_USER_PATHS = NO;
				CLANG_ANALYZER_NONNULL = YES;
				CLANG_ANALYZER_NUMBER_OBJECT_CONVERSION = YES_AGGRESSIVE;
				CLANG_CXX_LANGUAGE_STANDARD = "gnu++14";
				CLANG_CXX_LIBRARY = "libc++";
				CLANG_ENABLE_MODULES = YES;
				CLANG_ENABLE_OBJC_ARC = YES;
				CLANG_ENABLE_OBJC_WEAK = YES;
				CLANG_WARN_BLOCK_CAPTURE_AUTORELEASING = YES;
				CLANG_WARN_BOOL_CONVERSION = YES;
				CLANG_WARN_COMMA = YES;
				CLANG_WARN_CONSTANT_CONVERSION = YES;
				CLANG_WARN_DEPRECATED_OBJC_IMPLEMENTATIONS = YES;
				CLANG_WARN_DIRECT_OBJC_ISA_USAGE = YES_ERROR;
				CLANG_WARN_DOCUMENTATION_COMMENTS = YES;
				CLANG_WARN_EMPTY_BODY = YES;
				CLANG_WARN_ENUM_CONVERSION = YES;
				CLANG_WARN_INFINITE_RECURSION = YES;
				CLANG_WARN_INT_CONVERSION = YES;
				CLANG_WARN_NON_LITERAL_NULL_CONVERSION = YES;
				CLANG_WARN_OBJC_IMPLICIT_RETAIN_SELF = YES;
				CLANG_WARN_OBJC_LITERAL_CONVERSION = YES;
				CLANG_WARN_OBJC_ROOT_CLASS = YES_ERROR;
				CLANG_WARN_RANGE_LOOP_ANALYSIS = YES;
				CLANG_WARN_STRICT_PROTOTYPES = YES;
				CLANG_WARN_SUSPICIOUS_MOVE = YES;
				CLANG_WARN_UNGUARDED_AVAILABILITY = YES_AGGRESSIVE;
				CLANG_WARN_UNREACHABLE_CODE = YES;
				CLANG_WARN__DUPLICATE_METHOD_MATCH = YES;
				CODE_SIGN_IDENTITY = "iPhone Developer";
				COPY_PHASE_STRIP = NO;
				DEBUG_INFORMATION_FORMAT = dwarf;
				ENABLE_STRICT_OBJC_MSGSEND = YES;
				ENABLE_TESTABILITY = YES;
				GCC_C_LANGUAGE_STANDARD = gnu11;
				GCC_DYNAMIC_NO_PIC = NO;
				GCC_NO_COMMON_BLOCKS = YES;
				GCC_OPTIMIZATION_LEVEL = 0;
				GCC_PREPROCESSOR_DEFINITIONS = (
					"DEBUG=1",
					"$(inherited)",
				);
				GCC_WARN_64_TO_32_BIT_CONVERSION = YES;
				GCC_WARN_ABOUT_RETURN_TYPE = YES_ERROR;
				GCC_WARN_UNDECLARED_SELECTOR = YES;
				GCC_WARN_UNINITIALIZED_AUTOS = YES_AGGRESSIVE;
				GCC_WARN_UNUSED_FUNCTION = YES;
				GCC_WARN_UNUSED_VARIABLE = YES;
				IPHONEOS_DEPLOYMENT_TARGET = 11.3;
				MTL_ENABLE_DEBUG_INFO = YES;
				ONLY_ACTIVE_ARCH = YES;
				SDKROOT = iphoneos;
				SWIFT_ACTIVE_COMPILATION_CONDITIONS = DEBUG;
				SWIFT_OPTIMIZATION_LEVEL = "-Onone";
			};
			name = Debug;
		};
		FE078E0820923CA300F0AAB4 /* Release */ = {
			isa = XCBuildConfiguration;
			buildSettings = {
				ALWAYS_SEARCH_USER_PATHS = NO;
				CLANG_ANALYZER_NONNULL = YES;
				CLANG_ANALYZER_NUMBER_OBJECT_CONVERSION = YES_AGGRESSIVE;
				CLANG_CXX_LANGUAGE_STANDARD = "gnu++14";
				CLANG_CXX_LIBRARY = "libc++";
				CLANG_ENABLE_MODULES = YES;
				CLANG_ENABLE_OBJC_ARC = YES;
				CLANG_ENABLE_OBJC_WEAK = YES;
				CLANG_WARN_BLOCK_CAPTURE_AUTORELEASING = YES;
				CLANG_WARN_BOOL_CONVERSION = YES;
				CLANG_WARN_COMMA = YES;
				CLANG_WARN_CONSTANT_CONVERSION = YES;
				CLANG_WARN_DEPRECATED_OBJC_IMPLEMENTATIONS = YES;
				CLANG_WARN_DIRECT_OBJC_ISA_USAGE = YES_ERROR;
				CLANG_WARN_DOCUMENTATION_COMMENTS = YES;
				CLANG_WARN_EMPTY_BODY = YES;
				CLANG_WARN_ENUM_CONVERSION = YES;
				CLANG_WARN_INFINITE_RECURSION = YES;
				CLANG_WARN_INT_CONVERSION = YES;
				CLANG_WARN_NON_LITERAL_NULL_CONVERSION = YES;
				CLANG_WARN_OBJC_IMPLICIT_RETAIN_SELF = YES;
				CLANG_WARN_OBJC_LITERAL_CONVERSION = YES;
				CLANG_WARN_OBJC_ROOT_CLASS = YES_ERROR;
				CLANG_WARN_RANGE_LOOP_ANALYSIS = YES;
				CLANG_WARN_STRICT_PROTOTYPES = YES;
				CLANG_WARN_SUSPICIOUS_MOVE = YES;
				CLANG_WARN_UNGUARDED_AVAILABILITY = YES_AGGRESSIVE;
				CLANG_WARN_UNREACHABLE_CODE = YES;
				CLANG_WARN__DUPLICATE_METHOD_MATCH = YES;
				CODE_SIGN_IDENTITY = "iPhone Developer";
				COPY_PHASE_STRIP = NO;
				DEBUG_INFORMATION_FORMAT = "dwarf-with-dsym";
				ENABLE_NS_ASSERTIONS = NO;
				ENABLE_STRICT_OBJC_MSGSEND = YES;
				GCC_C_LANGUAGE_STANDARD = gnu11;
				GCC_NO_COMMON_BLOCKS = YES;
				GCC_WARN_64_TO_32_BIT_CONVERSION = YES;
				GCC_WARN_ABOUT_RETURN_TYPE = YES_ERROR;
				GCC_WARN_UNDECLARED_SELECTOR = YES;
				GCC_WARN_UNINITIALIZED_AUTOS = YES_AGGRESSIVE;
				GCC_WARN_UNUSED_FUNCTION = YES;
				GCC_WARN_UNUSED_VARIABLE = YES;
				IPHONEOS_DEPLOYMENT_TARGET = 11.3;
				MTL_ENABLE_DEBUG_INFO = NO;
				SDKROOT = iphoneos;
				SWIFT_COMPILATION_MODE = wholemodule;
				SWIFT_OPTIMIZATION_LEVEL = "-O";
				VALIDATE_PRODUCT = YES;
			};
			name = Release;
		};
		FE078E0A20923CA300F0AAB4 /* Debug */ = {
			isa = XCBuildConfiguration;
			buildSettings = {
				ASSETCATALOG_COMPILER_APPICON_NAME = AppIcon;
				CODE_SIGN_STYLE = Automatic;
				DEVELOPMENT_TEAM = JX3EAWJE5N;
				INFOPLIST_FILE = "Vision-App/Info.plist";
				LD_RUNPATH_SEARCH_PATHS = (
					"$(inherited)",
					"@executable_path/Frameworks",
				);
				PRODUCT_BUNDLE_IDENTIFIER = "com.johnnyperdomo.Vision-App";
				PRODUCT_NAME = "$(TARGET_NAME)";
				SWIFT_VERSION = 4.0;
				TARGETED_DEVICE_FAMILY = "1,2";
			};
			name = Debug;
		};
		FE078E0B20923CA300F0AAB4 /* Release */ = {
			isa = XCBuildConfiguration;
			buildSettings = {
				ASSETCATALOG_COMPILER_APPICON_NAME = AppIcon;
				CODE_SIGN_STYLE = Automatic;
				DEVELOPMENT_TEAM = JX3EAWJE5N;
				INFOPLIST_FILE = "Vision-App/Info.plist";
				LD_RUNPATH_SEARCH_PATHS = (
					"$(inherited)",
					"@executable_path/Frameworks",
				);
				PRODUCT_BUNDLE_IDENTIFIER = "com.johnnyperdomo.Vision-App";
				PRODUCT_NAME = "$(TARGET_NAME)";
				SWIFT_VERSION = 4.0;
				TARGETED_DEVICE_FAMILY = "1,2";
			};
			name = Release;
		};
/* End XCBuildConfiguration section */

/* Begin XCConfigurationList section */
		FE078DF220923CA100F0AAB4 /* Build configuration list for PBXProject "Vision-App" */ = {
			isa = XCConfigurationList;
			buildConfigurations = (
				FE078E0720923CA300F0AAB4 /* Debug */,
				FE078E0820923CA300F0AAB4 /* Release */,
			);
			defaultConfigurationIsVisible = 0;
			defaultConfigurationName = Release;
		};
		FE078E0920923CA300F0AAB4 /* Build configuration list for PBXNativeTarget "Vision-App" */ = {
			isa = XCConfigurationList;
			buildConfigurations = (
				FE078E0A20923CA300F0AAB4 /* Debug */,
				FE078E0B20923CA300F0AAB4 /* Release */,
			);
			defaultConfigurationIsVisible = 0;
			defaultConfigurationName = Release;
		};
/* End XCConfigurationList section */
	};
	rootObject = FE078DEF20923CA100F0AAB4 /* Project object */;
}
